
Microsoft Visual Studio Solution File, Format Version 12.00
# Visual Studio 14
VisualStudioVersion = 14.0.22310.1
MinimumVisualStudioVersion = 10.0.40219.1
Project("{E24C65DC-7377-472B-9ABA-BC803B73C61A}") = "EliteScheduleApp", "http://localhost:1492", "{A59D09E9-8F39-46B1-B21F-FBF1AC4D685C}"
	ProjectSection(WebsiteProperties) = preProject
		UseIISExpress = "true"
		TargetFrameworkMoniker = ".NETFramework,Version%3Dv4.0"
		Debug.AspNetCompiler.VirtualPath = "/localhost_1492"
		Debug.AspNetCompiler.PhysicalPath = "..\..\..\GitHub\EliteScheduleApp\"
		Debug.AspNetCompiler.TargetPath = "PrecompiledWeb\localhost_1492\"
		Debug.AspNetCompiler.Updateable = "true"
		Debug.AspNetCompiler.ForceOverwrite = "true"
		Debug.AspNetCompiler.FixedNames = "false"
		Debug.AspNetCompiler.Debug = "True"
		Release.AspNetCompiler.VirtualPath = "/localhost_1492"
		Release.AspNetCompiler.PhysicalPath = "..\..\..\GitHub\EliteScheduleApp\"
		Release.AspNetCompiler.TargetPath = "PrecompiledWeb\localhost_1492\"
		Release.AspNetCompiler.Updateable = "true"
		Release.AspNetCompiler.ForceOverwrite = "true"
		Release.AspNetCompiler.FixedNames = "false"
		Release.AspNetCompiler.Debug = "False"
		SlnRelativePath = "..\..\..\GitHub\EliteScheduleApp\"
	EndProjectSection
EndProject
Global
	GlobalSection(SolutionConfigurationPlatforms) = preSolution
		Debug|Any CPU = Debug|Any CPU
	EndGlobalSection
	GlobalSection(ProjectConfigurationPlatforms) = postSolution
		{A59D09E9-8F39-46B1-B21F-FBF1AC4D685C}.Debug|Any CPU.ActiveCfg = Debug|Any CPU
		{A59D09E9-8F39-46B1-B21F-FBF1AC4D685C}.Debug|Any CPU.Build.0 = Debug|Any CPU
	EndGlobalSection
	GlobalSection(SolutionProperties) = preSolution
		HideSolutionNode = FALSE
	EndGlobalSection
EndGlobal
